
Microsoft Visual Studio Solution File, Format Version 12.00
# Visual Studio Version 17
VisualStudioVersion = 17.5.33530.505
MinimumVisualStudioVersion = 10.0.40219.1
Project("{FAE04EC0-301F-11D3-BF4B-00C04F79EFBC}") = "CultureCubs.TenantAndUser.Functions", "CultureCubs.TenantAndUser.Functions\CultureCubs.TenantAndUser.Functions.csproj", "{D63D4D4E-C8F0-47A2-ABCF-65DA4A09A322}"
EndProject
Project("{FAE04EC0-301F-11D3-BF4B-00C04F79EFBC}") = "Culturecubs.TenantAndUser.DataAccess", "..\Culturecubs.TenantAndUser.DataAccess\Culturecubs.TenantAndUser.DataAccess.csproj", "{F7E0C725-6647-46DD-862D-7872D9AFD645}"
EndProject
Global
	GlobalSection(SolutionConfigurationPlatforms) = preSolution
		Debug|Any CPU = Debug|Any CPU
		Release|Any CPU = Release|Any CPU
	EndGlobalSection
	GlobalSection(ProjectConfigurationPlatforms) = postSolution
		{D63D4D4E-C8F0-47A2-ABCF-65DA4A09A322}.Debug|Any CPU.ActiveCfg = Debug|Any CPU
		{D63D4D4E-C8F0-47A2-ABCF-65DA4A09A322}.Debug|Any CPU.Build.0 = Debug|Any CPU
		{D63D4D4E-C8F0-47A2-ABCF-65DA4A09A322}.Release|Any CPU.ActiveCfg = Release|Any CPU
		{D63D4D4E-C8F0-47A2-ABCF-65DA4A09A322}.Release|Any CPU.Build.0 = Release|Any CPU
		{F7E0C725-6647-46DD-862D-7872D9AFD645}.Debug|Any CPU.ActiveCfg = Debug|Any CPU
		{F7E0C725-6647-46DD-862D-7872D9AFD645}.Debug|Any CPU.Build.0 = Debug|Any CPU
		{F7E0C725-6647-46DD-862D-7872D9AFD645}.Release|Any CPU.ActiveCfg = Release|Any CPU
		{F7E0C725-6647-46DD-862D-7872D9AFD645}.Release|Any CPU.Build.0 = Release|Any CPU
	EndGlobalSection
	GlobalSection(SolutionProperties) = preSolution
		HideSolutionNode = FALSE
	EndGlobalSection
	GlobalSection(ExtensibilityGlobals) = postSolution
		SolutionGuid = {2220646F-7DC0-4DDE-BDC4-094F9E9427EA}
	EndGlobalSection
EndGlobal
